
Microsoft Visual Studio Solution File, Format Version 12.00
# Visual Studio 15
VisualStudioVersion = 15.0.26430.15
MinimumVisualStudioVersion = 10.0.40219.1
Project("{FAE04EC0-301F-11D3-BF4B-00C04F79EFBC}") = "WindowsFormsApp2", "WindowsFormsApp2\WindowsFormsApp2.csproj", "{7D719AAC-F46F-41BE-9200-BEB7ED9CDB8C}"
EndProject
Project("{FAE04EC0-301F-11D3-BF4B-00C04F79EFBC}") = "WindowsFormsApp1", "WindowsFormsApp1\WindowsFormsApp1.csproj", "{0F6FD5A7-1020-4536-A1AB-41C2227BFAF4}"
EndProject
Project("{FAE04EC0-301F-11D3-BF4B-00C04F79EFBC}") = "WindowsFormsApp3", "WindowsFormsApp3\WindowsFormsApp3.csproj", "{C0E06C18-7CEF-4AA7-BE08-4028264F2131}"
EndProject
Global
	GlobalSection(SolutionConfigurationPlatforms) = preSolution
		Debug|Any CPU = Debug|Any CPU
		Release|Any CPU = Release|Any CPU
	EndGlobalSection
	GlobalSection(ProjectConfigurationPlatforms) = postSolution
		{7D719AAC-F46F-41BE-9200-BEB7ED9CDB8C}.Debug|Any CPU.ActiveCfg = Debug|Any CPU
		{7D719AAC-F46F-41BE-9200-BEB7ED9CDB8C}.Debug|Any CPU.Build.0 = Debug|Any CPU
		{7D719AAC-F46F-41BE-9200-BEB7ED9CDB8C}.Release|Any CPU.ActiveCfg = Release|Any CPU
		{7D719AAC-F46F-41BE-9200-BEB7ED9CDB8C}.Release|Any CPU.Build.0 = Release|Any CPU
		{0F6FD5A7-1020-4536-A1AB-41C2227BFAF4}.Debug|Any CPU.ActiveCfg = Debug|Any CPU
		{0F6FD5A7-1020-4536-A1AB-41C2227BFAF4}.Debug|Any CPU.Build.0 = Debug|Any CPU
		{0F6FD5A7-1020-4536-A1AB-41C2227BFAF4}.Release|Any CPU.ActiveCfg = Release|Any CPU
		{0F6FD5A7-1020-4536-A1AB-41C2227BFAF4}.Release|Any CPU.Build.0 = Release|Any CPU
		{C0E06C18-7CEF-4AA7-BE08-4028264F2131}.Debug|Any CPU.ActiveCfg = Debug|Any CPU
		{C0E06C18-7CEF-4AA7-BE08-4028264F2131}.Debug|Any CPU.Build.0 = Debug|Any CPU
		{C0E06C18-7CEF-4AA7-BE08-4028264F2131}.Release|Any CPU.ActiveCfg = Release|Any CPU
		{C0E06C18-7CEF-4AA7-BE08-4028264F2131}.Release|Any CPU.Build.0 = Release|Any CPU
	EndGlobalSection
	GlobalSection(SolutionProperties) = preSolution
		HideSolutionNode = FALSE
	EndGlobalSection
EndGlobal
